
Microsoft Visual Studio Solution File, Format Version 12.00
# Visual Studio Version 16
VisualStudioVersion = 16.0.32510.428
MinimumVisualStudioVersion = 10.0.40219.1
Project("{FAE04EC0-301F-11D3-BF4B-00C04F79EFBC}") = "Etec.Empresa.UI", "Etec.Empresa.UI\Etec.Empresa.UI.csproj", "{5C22F078-177B-460A-82B4-2EF24D5BA3AE}"
EndProject
Project("{FAE04EC0-301F-11D3-BF4B-00C04F79EFBC}") = "Etec.Empresa.BO", "Etec.Empresa.BO\Etec.Empresa.BO.csproj", "{5673B1CA-2C33-4E52-B23C-68C9B5F52D64}"
EndProject
Global
	GlobalSection(SolutionConfigurationPlatforms) = preSolution
		Debug|Any CPU = Debug|Any CPU
		Release|Any CPU = Release|Any CPU
	EndGlobalSection
	GlobalSection(ProjectConfigurationPlatforms) = postSolution
		{5C22F078-177B-460A-82B4-2EF24D5BA3AE}.Debug|Any CPU.ActiveCfg = Debug|Any CPU
		{5C22F078-177B-460A-82B4-2EF24D5BA3AE}.Debug|Any CPU.Build.0 = Debug|Any CPU
		{5C22F078-177B-460A-82B4-2EF24D5BA3AE}.Release|Any CPU.ActiveCfg = Release|Any CPU
		{5C22F078-177B-460A-82B4-2EF24D5BA3AE}.Release|Any CPU.Build.0 = Release|Any CPU
		{5673B1CA-2C33-4E52-B23C-68C9B5F52D64}.Debug|Any CPU.ActiveCfg = Debug|Any CPU
		{5673B1CA-2C33-4E52-B23C-68C9B5F52D64}.Debug|Any CPU.Build.0 = Debug|Any CPU
		{5673B1CA-2C33-4E52-B23C-68C9B5F52D64}.Release|Any CPU.ActiveCfg = Release|Any CPU
		{5673B1CA-2C33-4E52-B23C-68C9B5F52D64}.Release|Any CPU.Build.0 = Release|Any CPU
	EndGlobalSection
	GlobalSection(SolutionProperties) = preSolution
		HideSolutionNode = FALSE
	EndGlobalSection
	GlobalSection(ExtensibilityGlobals) = postSolution
		SolutionGuid = {D6ED25D4-BCFE-40E5-9A73-F96DA6C14210}
	EndGlobalSection
EndGlobal
